
Microsoft Visual Studio Solution File, Format Version 12.00
# Visual Studio 15
VisualStudioVersion = 15.0.28307.902
MinimumVisualStudioVersion = 10.0.40219.1
Project("{8BC9CEB8-8B4A-11D0-8D11-00A0C91BC942}") = "can_dump", "build\apps\can_dump\can_dump.vcxproj", "{A7ECBAAB-20FF-42DD-A46E-0EC4F096F00C}"
EndProject
Project("{8BC9CEB8-8B4A-11D0-8D11-00A0C91BC942}") = "osal", "build\libs\osal\osal.vcxproj", "{A26B8B96-4A1F-4A42-8FA9-37347B30BF6F}"
EndProject
Project("{8BC9CEB8-8B4A-11D0-8D11-00A0C91BC942}") = "plugin", "build\libs\plugin\plugin.vcxproj", "{9003A709-5E1E-4AFD-8DA3-52F9FD40162F}"
EndProject
Project("{8BC9CEB8-8B4A-11D0-8D11-00A0C91BC942}") = "adapter", "build\libs\adapter\adapter.vcxproj", "{C9CB36A8-4C65-420D-83D6-49308DB92FBE}"
EndProject
Project("{8BC9CEB8-8B4A-11D0-8D11-00A0C91BC942}") = "utils", "build\libs\utils\utils.vcxproj", "{58EACC0E-CB7D-4E5D-98BA-5A916DAB9081}"
EndProject
Project("{8BC9CEB8-8B4A-11D0-8D11-00A0C91BC942}") = "can_sdo", "build\apps\can_sdo\can_sdo.vcxproj", "{9DD7EEB0-925F-47DF-AB17-67E733668FE0}"
EndProject
Project("{8BC9CEB8-8B4A-11D0-8D11-00A0C91BC942}") = "can_adapter", "build\apps\can_adapter\can_adapter.vcxproj", "{28C540C1-4260-4ED9-9415-5BC6053F98F1}"
EndProject
Project("{2150E333-8FDC-42A3-9474-1A3956D46DE8}") = "apps", "apps", "{8C373C3F-E91D-4600-BCEA-364703583AA7}"
EndProject
Project("{2150E333-8FDC-42A3-9474-1A3956D46DE8}") = "libs", "libs", "{B0D4023B-3CC3-4E04-9B34-64BB5C460A39}"
EndProject
Project("{2150E333-8FDC-42A3-9474-1A3956D46DE8}") = "dynlibs", "dynlibs", "{0C742786-7972-4963-AC09-FE3ABE776A82}"
EndProject
Project("{8BC9CEB8-8B4A-11D0-8D11-00A0C91BC942}") = "ixxat_adapter", "build\dynlibs\adapters\ixxat_adapter\ixxat_adapter.vcxproj", "{B208BE8B-D1AE-4E69-9A54-047E597BA2A3}"
EndProject
Project("{8BC9CEB8-8B4A-11D0-8D11-00A0C91BC942}") = "tcp_adapter", "build\dynlibs\adapters\tcp_adapter\tcp_adapter.vcxproj", "{53660FD8-43D5-4A5A-8DFD-15C2C03B636F}"
EndProject
Project("{8BC9CEB8-8B4A-11D0-8D11-00A0C91BC942}") = "loopback_adapter", "build\dynlibs\adapters\loopback_adapter\loopback_adapter.vcxproj", "{E35EFB4E-F7E9-4D50-A52D-EF9DF88238A4}"
EndProject
Project("{8BC9CEB8-8B4A-11D0-8D11-00A0C91BC942}") = "can_bridge", "build\apps\can_bridge\can_bridge.vcxproj", "{2DB63899-3DF3-43C6-91F8-1317CD10837D}"
EndProject
Project("{8BC9CEB8-8B4A-11D0-8D11-00A0C91BC942}") = "can_server", "build\apps\can_server\can_server.vcxproj", "{7A6AD267-5B37-4324-A180-AA2363C9A6A9}"
EndProject
Project("{8BC9CEB8-8B4A-11D0-8D11-00A0C91BC942}") = "can_send", "build\apps\can_send\can_send.vcxproj", "{56D20ED2-BEF1-4BAD-86A4-607771A5E57A}"
EndProject
Project("{2150E333-8FDC-42A3-9474-1A3956D46DE8}") = "3rdparty", "3rdparty", "{4C3F6C3D-6D4E-45B6-BBBE-F9A32024B967}"
EndProject
Project("{8BC9CEB8-8B4A-11D0-8D11-00A0C91BC942}") = "tinyxml2", "build\3rdparty\tinyxml2\tinyxml2.vcxproj", "{2318103A-CDC1-4DA1-8B26-12A4B8DE9073}"
EndProject
Project("{8BC9CEB8-8B4A-11D0-8D11-00A0C91BC942}") = "math", "build\libs\math\math.vcxproj", "{240675AF-C71A-4C50-B86B-2E6671FAA36A}"
EndProject
Project("{8BC9CEB8-8B4A-11D0-8D11-00A0C91BC942}") = "sample_math", "build\dynlibs\maths\sample_math\sample_math.vcxproj", "{2E021985-05FA-49B4-A8F4-61EE83977A07}"
EndProject
Project("{8BC9CEB8-8B4A-11D0-8D11-00A0C91BC942}") = "python", "build\libs\python\python.vcxproj", "{2AC85ED9-F91B-42E5-B8A6-1E5215E5ADC4}"
EndProject
Project("{8BC9CEB8-8B4A-11D0-8D11-00A0C91BC942}") = "test_python", "build\apps\test_python\test_python.vcxproj", "{E625D1FB-73D1-46B8-8B51-36D1E2958BCA}"
EndProject
Project("{8BC9CEB8-8B4A-11D0-8D11-00A0C91BC942}") = "pipeline", "build\libs\pipeline\pipeline.vcxproj.vcxproj", "{BB5DFCA4-0189-4ED0-B37D-840C2E70DFD9}"
EndProject
Project("{8BC9CEB8-8B4A-11D0-8D11-00A0C91BC942}") = "udp_adapter", "build\dynlibs\adapters\udp_adapter\udp_adapter.vcxproj", "{49C24B09-1783-498A-9BE2-22682A6AA93E}"
EndProject
Global
	GlobalSection(SolutionConfigurationPlatforms) = preSolution
		Debug|x64 = Debug|x64
		Debug|x86 = Debug|x86
		Release|x64 = Release|x64
		Release|x86 = Release|x86
	EndGlobalSection
	GlobalSection(ProjectConfigurationPlatforms) = postSolution
		{A7ECBAAB-20FF-42DD-A46E-0EC4F096F00C}.Debug|x64.ActiveCfg = Debug|x64
		{A7ECBAAB-20FF-42DD-A46E-0EC4F096F00C}.Debug|x64.Build.0 = Debug|x64
		{A7ECBAAB-20FF-42DD-A46E-0EC4F096F00C}.Debug|x86.ActiveCfg = Debug|Win32
		{A7ECBAAB-20FF-42DD-A46E-0EC4F096F00C}.Debug|x86.Build.0 = Debug|Win32
		{A7ECBAAB-20FF-42DD-A46E-0EC4F096F00C}.Release|x64.ActiveCfg = Release|x64
		{A7ECBAAB-20FF-42DD-A46E-0EC4F096F00C}.Release|x64.Build.0 = Release|x64
		{A7ECBAAB-20FF-42DD-A46E-0EC4F096F00C}.Release|x86.ActiveCfg = Release|Win32
		{A7ECBAAB-20FF-42DD-A46E-0EC4F096F00C}.Release|x86.Build.0 = Release|Win32
		{A26B8B96-4A1F-4A42-8FA9-37347B30BF6F}.Debug|x64.ActiveCfg = Debug|x64
		{A26B8B96-4A1F-4A42-8FA9-37347B30BF6F}.Debug|x64.Build.0 = Debug|x64
		{A26B8B96-4A1F-4A42-8FA9-37347B30BF6F}.Debug|x86.ActiveCfg = Debug|Win32
		{A26B8B96-4A1F-4A42-8FA9-37347B30BF6F}.Debug|x86.Build.0 = Debug|Win32
		{A26B8B96-4A1F-4A42-8FA9-37347B30BF6F}.Release|x64.ActiveCfg = Release|x64
		{A26B8B96-4A1F-4A42-8FA9-37347B30BF6F}.Release|x64.Build.0 = Release|x64
		{A26B8B96-4A1F-4A42-8FA9-37347B30BF6F}.Release|x86.ActiveCfg = Release|Win32
		{A26B8B96-4A1F-4A42-8FA9-37347B30BF6F}.Release|x86.Build.0 = Release|Win32
		{9003A709-5E1E-4AFD-8DA3-52F9FD40162F}.Debug|x64.ActiveCfg = Debug|x64
		{9003A709-5E1E-4AFD-8DA3-52F9FD40162F}.Debug|x64.Build.0 = Debug|x64
		{9003A709-5E1E-4AFD-8DA3-52F9FD40162F}.Debug|x86.ActiveCfg = Debug|Win32
		{9003A709-5E1E-4AFD-8DA3-52F9FD40162F}.Debug|x86.Build.0 = Debug|Win32
		{9003A709-5E1E-4AFD-8DA3-52F9FD40162F}.Release|x64.ActiveCfg = Release|x64
		{9003A709-5E1E-4AFD-8DA3-52F9FD40162F}.Release|x64.Build.0 = Release|x64
		{9003A709-5E1E-4AFD-8DA3-52F9FD40162F}.Release|x86.ActiveCfg = Release|Win32
		{9003A709-5E1E-4AFD-8DA3-52F9FD40162F}.Release|x86.Build.0 = Release|Win32
		{C9CB36A8-4C65-420D-83D6-49308DB92FBE}.Debug|x64.ActiveCfg = Debug|x64
		{C9CB36A8-4C65-420D-83D6-49308DB92FBE}.Debug|x64.Build.0 = Debug|x64
		{C9CB36A8-4C65-420D-83D6-49308DB92FBE}.Debug|x86.ActiveCfg = Debug|Win32
		{C9CB36A8-4C65-420D-83D6-49308DB92FBE}.Debug|x86.Build.0 = Debug|Win32
		{C9CB36A8-4C65-420D-83D6-49308DB92FBE}.Release|x64.ActiveCfg = Release|x64
		{C9CB36A8-4C65-420D-83D6-49308DB92FBE}.Release|x64.Build.0 = Release|x64
		{C9CB36A8-4C65-420D-83D6-49308DB92FBE}.Release|x86.ActiveCfg = Release|Win32
		{C9CB36A8-4C65-420D-83D6-49308DB92FBE}.Release|x86.Build.0 = Release|Win32
		{58EACC0E-CB7D-4E5D-98BA-5A916DAB9081}.Debug|x64.ActiveCfg = Debug|x64
		{58EACC0E-CB7D-4E5D-98BA-5A916DAB9081}.Debug|x64.Build.0 = Debug|x64
		{58EACC0E-CB7D-4E5D-98BA-5A916DAB9081}.Debug|x86.ActiveCfg = Debug|Win32
		{58EACC0E-CB7D-4E5D-98BA-5A916DAB9081}.Debug|x86.Build.0 = Debug|Win32
		{58EACC0E-CB7D-4E5D-98BA-5A916DAB9081}.Release|x64.ActiveCfg = Release|x64
		{58EACC0E-CB7D-4E5D-98BA-5A916DAB9081}.Release|x64.Build.0 = Release|x64
		{58EACC0E-CB7D-4E5D-98BA-5A916DAB9081}.Release|x86.ActiveCfg = Release|Win32
		{58EACC0E-CB7D-4E5D-98BA-5A916DAB9081}.Release|x86.Build.0 = Release|Win32
		{9DD7EEB0-925F-47DF-AB17-67E733668FE0}.Debug|x64.ActiveCfg = Debug|x64
		{9DD7EEB0-925F-47DF-AB17-67E733668FE0}.Debug|x64.Build.0 = Debug|x64
		{9DD7EEB0-925F-47DF-AB17-67E733668FE0}.Debug|x86.ActiveCfg = Debug|Win32
		{9DD7EEB0-925F-47DF-AB17-67E733668FE0}.Debug|x86.Build.0 = Debug|Win32
		{9DD7EEB0-925F-47DF-AB17-67E733668FE0}.Release|x64.ActiveCfg = Release|x64
		{9DD7EEB0-925F-47DF-AB17-67E733668FE0}.Release|x64.Build.0 = Release|x64
		{9DD7EEB0-925F-47DF-AB17-67E733668FE0}.Release|x86.ActiveCfg = Release|Win32
		{9DD7EEB0-925F-47DF-AB17-67E733668FE0}.Release|x86.Build.0 = Release|Win32
		{28C540C1-4260-4ED9-9415-5BC6053F98F1}.Debug|x64.ActiveCfg = Debug|x64
		{28C540C1-4260-4ED9-9415-5BC6053F98F1}.Debug|x64.Build.0 = Debug|x64
		{28C540C1-4260-4ED9-9415-5BC6053F98F1}.Debug|x86.ActiveCfg = Debug|Win32
		{28C540C1-4260-4ED9-9415-5BC6053F98F1}.Debug|x86.Build.0 = Debug|Win32
		{28C540C1-4260-4ED9-9415-5BC6053F98F1}.Release|x64.ActiveCfg = Release|x64
		{28C540C1-4260-4ED9-9415-5BC6053F98F1}.Release|x64.Build.0 = Release|x64
		{28C540C1-4260-4ED9-9415-5BC6053F98F1}.Release|x86.ActiveCfg = Release|Win32
		{28C540C1-4260-4ED9-9415-5BC6053F98F1}.Release|x86.Build.0 = Release|Win32
		{B208BE8B-D1AE-4E69-9A54-047E597BA2A3}.Debug|x64.ActiveCfg = Debug|x64
		{B208BE8B-D1AE-4E69-9A54-047E597BA2A3}.Debug|x64.Build.0 = Debug|x64
		{B208BE8B-D1AE-4E69-9A54-047E597BA2A3}.Debug|x86.ActiveCfg = Debug|Win32
		{B208BE8B-D1AE-4E69-9A54-047E597BA2A3}.Debug|x86.Build.0 = Debug|Win32
		{B208BE8B-D1AE-4E69-9A54-047E597BA2A3}.Release|x64.ActiveCfg = Release|x64
		{B208BE8B-D1AE-4E69-9A54-047E597BA2A3}.Release|x64.Build.0 = Release|x64
		{B208BE8B-D1AE-4E69-9A54-047E597BA2A3}.Release|x86.ActiveCfg = Release|Win32
		{B208BE8B-D1AE-4E69-9A54-047E597BA2A3}.Release|x86.Build.0 = Release|Win32
		{53660FD8-43D5-4A5A-8DFD-15C2C03B636F}.Debug|x64.ActiveCfg = Debug|x64
		{53660FD8-43D5-4A5A-8DFD-15C2C03B636F}.Debug|x64.Build.0 = Debug|x64
		{53660FD8-43D5-4A5A-8DFD-15C2C03B636F}.Debug|x86.ActiveCfg = Debug|Win32
		{53660FD8-43D5-4A5A-8DFD-15C2C03B636F}.Debug|x86.Build.0 = Debug|Win32
		{53660FD8-43D5-4A5A-8DFD-15C2C03B636F}.Release|x64.ActiveCfg = Release|x64
		{53660FD8-43D5-4A5A-8DFD-15C2C03B636F}.Release|x64.Build.0 = Release|x64
		{53660FD8-43D5-4A5A-8DFD-15C2C03B636F}.Release|x86.ActiveCfg = Release|Win32
		{53660FD8-43D5-4A5A-8DFD-15C2C03B636F}.Release|x86.Build.0 = Release|Win32
		{E35EFB4E-F7E9-4D50-A52D-EF9DF88238A4}.Debug|x64.ActiveCfg = Debug|x64
		{E35EFB4E-F7E9-4D50-A52D-EF9DF88238A4}.Debug|x64.Build.0 = Debug|x64
		{E35EFB4E-F7E9-4D50-A52D-EF9DF88238A4}.Debug|x86.ActiveCfg = Debug|Win32
		{E35EFB4E-F7E9-4D50-A52D-EF9DF88238A4}.Debug|x86.Build.0 = Debug|Win32
		{E35EFB4E-F7E9-4D50-A52D-EF9DF88238A4}.Release|x64.ActiveCfg = Release|x64
		{E35EFB4E-F7E9-4D50-A52D-EF9DF88238A4}.Release|x64.Build.0 = Release|x64
		{E35EFB4E-F7E9-4D50-A52D-EF9DF88238A4}.Release|x86.ActiveCfg = Release|Win32
		{E35EFB4E-F7E9-4D50-A52D-EF9DF88238A4}.Release|x86.Build.0 = Release|Win32
		{2DB63899-3DF3-43C6-91F8-1317CD10837D}.Debug|x64.ActiveCfg = Debug|x64
		{2DB63899-3DF3-43C6-91F8-1317CD10837D}.Debug|x64.Build.0 = Debug|x64
		{2DB63899-3DF3-43C6-91F8-1317CD10837D}.Debug|x86.ActiveCfg = Debug|Win32
		{2DB63899-3DF3-43C6-91F8-1317CD10837D}.Debug|x86.Build.0 = Debug|Win32
		{2DB63899-3DF3-43C6-91F8-1317CD10837D}.Release|x64.ActiveCfg = Release|x64
		{2DB63899-3DF3-43C6-91F8-1317CD10837D}.Release|x64.Build.0 = Release|x64
		{2DB63899-3DF3-43C6-91F8-1317CD10837D}.Release|x86.ActiveCfg = Release|Win32
		{2DB63899-3DF3-43C6-91F8-1317CD10837D}.Release|x86.Build.0 = Release|Win32
		{7A6AD267-5B37-4324-A180-AA2363C9A6A9}.Debug|x64.ActiveCfg = Debug|x64
		{7A6AD267-5B37-4324-A180-AA2363C9A6A9}.Debug|x64.Build.0 = Debug|x64
		{7A6AD267-5B37-4324-A180-AA2363C9A6A9}.Debug|x86.ActiveCfg = Debug|Win32
		{7A6AD267-5B37-4324-A180-AA2363C9A6A9}.Debug|x86.Build.0 = Debug|Win32
		{7A6AD267-5B37-4324-A180-AA2363C9A6A9}.Release|x64.ActiveCfg = Release|x64
		{7A6AD267-5B37-4324-A180-AA2363C9A6A9}.Release|x64.Build.0 = Release|x64
		{7A6AD267-5B37-4324-A180-AA2363C9A6A9}.Release|x86.ActiveCfg = Release|Win32
		{7A6AD267-5B37-4324-A180-AA2363C9A6A9}.Release|x86.Build.0 = Release|Win32
		{56D20ED2-BEF1-4BAD-86A4-607771A5E57A}.Debug|x64.ActiveCfg = Debug|x64
		{56D20ED2-BEF1-4BAD-86A4-607771A5E57A}.Debug|x64.Build.0 = Debug|x64
		{56D20ED2-BEF1-4BAD-86A4-607771A5E57A}.Debug|x86.ActiveCfg = Debug|Win32
		{56D20ED2-BEF1-4BAD-86A4-607771A5E57A}.Debug|x86.Build.0 = Debug|Win32
		{56D20ED2-BEF1-4BAD-86A4-607771A5E57A}.Release|x64.ActiveCfg = Release|x64
		{56D20ED2-BEF1-4BAD-86A4-607771A5E57A}.Release|x64.Build.0 = Release|x64
		{56D20ED2-BEF1-4BAD-86A4-607771A5E57A}.Release|x86.ActiveCfg = Release|Win32
		{56D20ED2-BEF1-4BAD-86A4-607771A5E57A}.Release|x86.Build.0 = Release|Win32
		{2318103A-CDC1-4DA1-8B26-12A4B8DE9073}.Debug|x64.ActiveCfg = Debug|x64
		{2318103A-CDC1-4DA1-8B26-12A4B8DE9073}.Debug|x64.Build.0 = Debug|x64
		{2318103A-CDC1-4DA1-8B26-12A4B8DE9073}.Debug|x86.ActiveCfg = Debug|Win32
		{2318103A-CDC1-4DA1-8B26-12A4B8DE9073}.Debug|x86.Build.0 = Debug|Win32
		{2318103A-CDC1-4DA1-8B26-12A4B8DE9073}.Release|x64.ActiveCfg = Release|x64
		{2318103A-CDC1-4DA1-8B26-12A4B8DE9073}.Release|x64.Build.0 = Release|x64
		{2318103A-CDC1-4DA1-8B26-12A4B8DE9073}.Release|x86.ActiveCfg = Release|Win32
		{2318103A-CDC1-4DA1-8B26-12A4B8DE9073}.Release|x86.Build.0 = Release|Win32
		{240675AF-C71A-4C50-B86B-2E6671FAA36A}.Debug|x64.ActiveCfg = Debug|x64
		{240675AF-C71A-4C50-B86B-2E6671FAA36A}.Debug|x64.Build.0 = Debug|x64
		{240675AF-C71A-4C50-B86B-2E6671FAA36A}.Debug|x86.ActiveCfg = Debug|Win32
		{240675AF-C71A-4C50-B86B-2E6671FAA36A}.Debug|x86.Build.0 = Debug|Win32
		{240675AF-C71A-4C50-B86B-2E6671FAA36A}.Release|x64.ActiveCfg = Release|x64
		{240675AF-C71A-4C50-B86B-2E6671FAA36A}.Release|x64.Build.0 = Release|x64
		{240675AF-C71A-4C50-B86B-2E6671FAA36A}.Release|x86.ActiveCfg = Release|Win32
		{240675AF-C71A-4C50-B86B-2E6671FAA36A}.Release|x86.Build.0 = Release|Win32
		{2E021985-05FA-49B4-A8F4-61EE83977A07}.Debug|x64.ActiveCfg = Debug|x64
		{2E021985-05FA-49B4-A8F4-61EE83977A07}.Debug|x64.Build.0 = Debug|x64
		{2E021985-05FA-49B4-A8F4-61EE83977A07}.Debug|x86.ActiveCfg = Debug|Win32
		{2E021985-05FA-49B4-A8F4-61EE83977A07}.Debug|x86.Build.0 = Debug|Win32
		{2E021985-05FA-49B4-A8F4-61EE83977A07}.Release|x64.ActiveCfg = Release|x64
		{2E021985-05FA-49B4-A8F4-61EE83977A07}.Release|x64.Build.0 = Release|x64
		{2E021985-05FA-49B4-A8F4-61EE83977A07}.Release|x86.ActiveCfg = Release|Win32
		{2E021985-05FA-49B4-A8F4-61EE83977A07}.Release|x86.Build.0 = Release|Win32
		{2AC85ED9-F91B-42E5-B8A6-1E5215E5ADC4}.Debug|x64.ActiveCfg = Debug|x64
		{2AC85ED9-F91B-42E5-B8A6-1E5215E5ADC4}.Debug|x64.Build.0 = Debug|x64
		{2AC85ED9-F91B-42E5-B8A6-1E5215E5ADC4}.Debug|x86.ActiveCfg = Debug|Win32
		{2AC85ED9-F91B-42E5-B8A6-1E5215E5ADC4}.Debug|x86.Build.0 = Debug|Win32
		{2AC85ED9-F91B-42E5-B8A6-1E5215E5ADC4}.Release|x64.ActiveCfg = Release|x64
		{2AC85ED9-F91B-42E5-B8A6-1E5215E5ADC4}.Release|x64.Build.0 = Release|x64
		{2AC85ED9-F91B-42E5-B8A6-1E5215E5ADC4}.Release|x86.ActiveCfg = Release|Win32
		{2AC85ED9-F91B-42E5-B8A6-1E5215E5ADC4}.Release|x86.Build.0 = Release|Win32
		{E625D1FB-73D1-46B8-8B51-36D1E2958BCA}.Debug|x64.ActiveCfg = Debug|x64
		{E625D1FB-73D1-46B8-8B51-36D1E2958BCA}.Debug|x64.Build.0 = Debug|x64
		{E625D1FB-73D1-46B8-8B51-36D1E2958BCA}.Debug|x86.ActiveCfg = Debug|Win32
		{E625D1FB-73D1-46B8-8B51-36D1E2958BCA}.Debug|x86.Build.0 = Debug|Win32
		{E625D1FB-73D1-46B8-8B51-36D1E2958BCA}.Release|x64.ActiveCfg = Release|x64
		{E625D1FB-73D1-46B8-8B51-36D1E2958BCA}.Release|x64.Build.0 = Release|x64
		{E625D1FB-73D1-46B8-8B51-36D1E2958BCA}.Release|x86.ActiveCfg = Release|Win32
		{E625D1FB-73D1-46B8-8B51-36D1E2958BCA}.Release|x86.Build.0 = Release|Win32
		{BB5DFCA4-0189-4ED0-B37D-840C2E70DFD9}.Debug|x64.ActiveCfg = Debug|x64
		{BB5DFCA4-0189-4ED0-B37D-840C2E70DFD9}.Debug|x64.Build.0 = Debug|x64
		{BB5DFCA4-0189-4ED0-B37D-840C2E70DFD9}.Debug|x86.ActiveCfg = Debug|Win32
		{BB5DFCA4-0189-4ED0-B37D-840C2E70DFD9}.Debug|x86.Build.0 = Debug|Win32
		{BB5DFCA4-0189-4ED0-B37D-840C2E70DFD9}.Release|x64.ActiveCfg = Release|x64
		{BB5DFCA4-0189-4ED0-B37D-840C2E70DFD9}.Release|x64.Build.0 = Release|x64
		{BB5DFCA4-0189-4ED0-B37D-840C2E70DFD9}.Release|x86.ActiveCfg = Release|Win32
		{BB5DFCA4-0189-4ED0-B37D-840C2E70DFD9}.Release|x86.Build.0 = Release|Win32
		{49C24B09-1783-498A-9BE2-22682A6AA93E}.Debug|x64.ActiveCfg = Debug|x64
		{49C24B09-1783-498A-9BE2-22682A6AA93E}.Debug|x64.Build.0 = Debug|x64
		{49C24B09-1783-498A-9BE2-22682A6AA93E}.Debug|x86.ActiveCfg = Debug|Win32
		{49C24B09-1783-498A-9BE2-22682A6AA93E}.Debug|x86.Build.0 = Debug|Win32
		{49C24B09-1783-498A-9BE2-22682A6AA93E}.Release|x64.ActiveCfg = Release|x64
		{49C24B09-1783-498A-9BE2-22682A6AA93E}.Release|x64.Build.0 = Release|x64
		{49C24B09-1783-498A-9BE2-22682A6AA93E}.Release|x86.ActiveCfg = Release|Win32
		{49C24B09-1783-498A-9BE2-22682A6AA93E}.Release|x86.Build.0 = Release|Win32
	EndGlobalSection
	GlobalSection(SolutionProperties) = preSolution
		HideSolutionNode = FALSE
	EndGlobalSection
	GlobalSection(NestedProjects) = preSolution
		{A7ECBAAB-20FF-42DD-A46E-0EC4F096F00C} = {8C373C3F-E91D-4600-BCEA-364703583AA7}
		{A26B8B96-4A1F-4A42-8FA9-37347B30BF6F} = {B0D4023B-3CC3-4E04-9B34-64BB5C460A39}
		{9003A709-5E1E-4AFD-8DA3-52F9FD40162F} = {B0D4023B-3CC3-4E04-9B34-64BB5C460A39}
		{C9CB36A8-4C65-420D-83D6-49308DB92FBE} = {B0D4023B-3CC3-4E04-9B34-64BB5C460A39}
		{58EACC0E-CB7D-4E5D-98BA-5A916DAB9081} = {B0D4023B-3CC3-4E04-9B34-64BB5C460A39}
		{9DD7EEB0-925F-47DF-AB17-67E733668FE0} = {8C373C3F-E91D-4600-BCEA-364703583AA7}
		{28C540C1-4260-4ED9-9415-5BC6053F98F1} = {8C373C3F-E91D-4600-BCEA-364703583AA7}
		{B208BE8B-D1AE-4E69-9A54-047E597BA2A3} = {0C742786-7972-4963-AC09-FE3ABE776A82}
		{53660FD8-43D5-4A5A-8DFD-15C2C03B636F} = {0C742786-7972-4963-AC09-FE3ABE776A82}
		{E35EFB4E-F7E9-4D50-A52D-EF9DF88238A4} = {0C742786-7972-4963-AC09-FE3ABE776A82}
		{2DB63899-3DF3-43C6-91F8-1317CD10837D} = {8C373C3F-E91D-4600-BCEA-364703583AA7}
		{7A6AD267-5B37-4324-A180-AA2363C9A6A9} = {8C373C3F-E91D-4600-BCEA-364703583AA7}
		{56D20ED2-BEF1-4BAD-86A4-607771A5E57A} = {8C373C3F-E91D-4600-BCEA-364703583AA7}
		{2318103A-CDC1-4DA1-8B26-12A4B8DE9073} = {4C3F6C3D-6D4E-45B6-BBBE-F9A32024B967}
		{240675AF-C71A-4C50-B86B-2E6671FAA36A} = {B0D4023B-3CC3-4E04-9B34-64BB5C460A39}
		{2E021985-05FA-49B4-A8F4-61EE83977A07} = {0C742786-7972-4963-AC09-FE3ABE776A82}
		{2AC85ED9-F91B-42E5-B8A6-1E5215E5ADC4} = {B0D4023B-3CC3-4E04-9B34-64BB5C460A39}
		{E625D1FB-73D1-46B8-8B51-36D1E2958BCA} = {8C373C3F-E91D-4600-BCEA-364703583AA7}
		{BB5DFCA4-0189-4ED0-B37D-840C2E70DFD9} = {B0D4023B-3CC3-4E04-9B34-64BB5C460A39}
		{49C24B09-1783-498A-9BE2-22682A6AA93E} = {0C742786-7972-4963-AC09-FE3ABE776A82}
	EndGlobalSection
	GlobalSection(ExtensibilityGlobals) = postSolution
		SolutionGuid = {0600476A-AE59-4FA2-A724-0A47E522F2A2}
	EndGlobalSection
EndGlobal
